{
  "nodes": {
    "nixpkgs": {
      "locked": {
        "lastModified": 1748162331,
        "narHash": "sha256-rqc2RKYTxP3tbjA+PB3VMRQNnjesrT0pEofXQTrMsS8=",
        "owner": "NixOS",
        "repo": "nixpkgs",
        "rev": "7c43f080a7f28b2774f3b3f43234ca11661bf334",
        "type": "github"
      },
      "original": {
        "id": "nixpkgs",
        "ref": "nixos-25.05",
        "type": "indirect"
      }
    },
    "nixpkgs-stable": {
      "locked": {
        "lastModified": 1748162331,
        "narHash": "sha256-rqc2RKYTxP3tbjA+PB3VMRQNnjesrT0pEofXQTrMsS8=",
        "owner": "NixOS",
        "repo": "nixpkgs",
        "rev": "7c43f080a7f28b2774f3b3f43234ca11661bf334",
        "type": "github"
      },
      "original": {
        "id": "nixpkgs",
        "ref": "nixos-25.05",
        "type": "indirect"
      }
    },
    "root": {
      "inputs": {
        "nixpkgs": "nixpkgs",
        "nixpkgs-stable": "nixpkgs-stable",
        "volare": "volare"
      }
    },
    "volare": {
      "inputs": {
        "nixpkgs": [
          "nixpkgs"
        ]
      },
      "locked": {
        "lastModified": 1738702184,
        "narHash": "sha256-do01R1h9fJOC+KUHbsXjXjZgWIPmHQZvlNYgD0UULq4=",
        "ref": "refs/heads/main",
        "rev": "2111e778f829b2ad47339b6c8b2e642850ce01af",
        "revCount": 7604,
        "type": "git",
        "url": "https://codeberg.org/raboof/volare"
      },
      "original": {
        "type": "git",
        "url": "https://codeberg.org/raboof/volare"
      }
    }
  },
  "root": "root",
  "version": 7
}
